
Microsoft Visual Studio Solution File, Format Version 12.00
# Visual Studio Version 17
VisualStudioVersion = 17.9.34701.34
MinimumVisualStudioVersion = 10.0.40219.1
Project("{FAE04EC0-301F-11D3-BF4B-00C04F79EFBC}") = "Water-Drinking-Logger", "Water-Drinking-Logger\Water-Drinking-Logger.csproj", "{D9D254F4-3A84-4E2A-B55F-601F7AE44B44}"
EndProject
Global
	GlobalSection(SolutionConfigurationPlatforms) = preSolution
		Debug|Any CPU = Debug|Any CPU
		Release|Any CPU = Release|Any CPU
	EndGlobalSection
	GlobalSection(ProjectConfigurationPlatforms) = postSolution
		{D9D254F4-3A84-4E2A-B55F-601F7AE44B44}.Debug|Any CPU.ActiveCfg = Debug|Any CPU
		{D9D254F4-3A84-4E2A-B55F-601F7AE44B44}.Debug|Any CPU.Build.0 = Debug|Any CPU
		{D9D254F4-3A84-4E2A-B55F-601F7AE44B44}.Release|Any CPU.ActiveCfg = Release|Any CPU
		{D9D254F4-3A84-4E2A-B55F-601F7AE44B44}.Release|Any CPU.Build.0 = Release|Any CPU
	EndGlobalSection
	GlobalSection(SolutionProperties) = preSolution
		HideSolutionNode = FALSE
	EndGlobalSection
	GlobalSection(ExtensibilityGlobals) = postSolution
		SolutionGuid = {F957B8A2-01EC-4568-A7C7-CA339A73943C}
	EndGlobalSection
EndGlobal
